
Microsoft Visual Studio Solution File, Format Version 12.00
# Visual Studio Version 17
VisualStudioVersion = 17.7.34024.191
MinimumVisualStudioVersion = 10.0.40219.1
Project("{9A19103F-16F7-4668-BE54-9A1E7A4F7556}") = "CoreLibrary", "CoreLibrary\CoreLibrary.csproj", "{BD6BCB03-7CBD-44A7-852F-1CB03A6AE2F8}"
EndProject
Project("{9A19103F-16F7-4668-BE54-9A1E7A4F7556}") = "KafkaConsumer", "KafkaConsumer\KafkaConsumer.csproj", "{73986120-B98F-4610-90C0-476C196E1CF8}"
EndProject
Project("{9A19103F-16F7-4668-BE54-9A1E7A4F7556}") = "KafkaProducer", "KafkaProducer\KafkaProducer.csproj", "{A666B772-93C6-4091-A38E-95C2D59462D4}"
EndProject
Global
	GlobalSection(SolutionConfigurationPlatforms) = preSolution
		Debug|Any CPU = Debug|Any CPU
		Release|Any CPU = Release|Any CPU
	EndGlobalSection
	GlobalSection(ProjectConfigurationPlatforms) = postSolution
		{BD6BCB03-7CBD-44A7-852F-1CB03A6AE2F8}.Debug|Any CPU.ActiveCfg = Debug|Any CPU
		{BD6BCB03-7CBD-44A7-852F-1CB03A6AE2F8}.Debug|Any CPU.Build.0 = Debug|Any CPU
		{BD6BCB03-7CBD-44A7-852F-1CB03A6AE2F8}.Release|Any CPU.ActiveCfg = Release|Any CPU
		{BD6BCB03-7CBD-44A7-852F-1CB03A6AE2F8}.Release|Any CPU.Build.0 = Release|Any CPU
		{73986120-B98F-4610-90C0-476C196E1CF8}.Debug|Any CPU.ActiveCfg = Debug|Any CPU
		{73986120-B98F-4610-90C0-476C196E1CF8}.Debug|Any CPU.Build.0 = Debug|Any CPU
		{73986120-B98F-4610-90C0-476C196E1CF8}.Release|Any CPU.ActiveCfg = Release|Any CPU
		{73986120-B98F-4610-90C0-476C196E1CF8}.Release|Any CPU.Build.0 = Release|Any CPU
		{A666B772-93C6-4091-A38E-95C2D59462D4}.Debug|Any CPU.ActiveCfg = Debug|Any CPU
		{A666B772-93C6-4091-A38E-95C2D59462D4}.Debug|Any CPU.Build.0 = Debug|Any CPU
		{A666B772-93C6-4091-A38E-95C2D59462D4}.Release|Any CPU.ActiveCfg = Release|Any CPU
		{A666B772-93C6-4091-A38E-95C2D59462D4}.Release|Any CPU.Build.0 = Release|Any CPU
	EndGlobalSection
	GlobalSection(SolutionProperties) = preSolution
		HideSolutionNode = FALSE
	EndGlobalSection
	GlobalSection(ExtensibilityGlobals) = postSolution
		SolutionGuid = {E6E9E095-9CC3-471A-B3E0-95413125CE6D}
	EndGlobalSection
EndGlobal
